
Microsoft Visual Studio Solution File, Format Version 12.00
# Visual Studio 15
VisualStudioVersion = 15.0.27703.2035
MinimumVisualStudioVersion = 10.0.40219.1
Project("{9A19103F-16F7-4668-BE54-9A1E7A4F7556}") = "myCodeCamp", "myCodeCamp\myCodeCamp.csproj", "{B6816281-2DFB-4754-8C6A-2F8834C4B152}"
EndProject
Project("{9A19103F-16F7-4668-BE54-9A1E7A4F7556}") = "MyCodeCamp.Data", "MyCodeCamp.Data\MyCodeCamp.Data.csproj", "{3AAA7D4A-FF9F-42A2-BB80-6FB7BA80471E}"
EndProject
Global
	GlobalSection(SolutionConfigurationPlatforms) = preSolution
		Debug|Any CPU = Debug|Any CPU
		Release|Any CPU = Release|Any CPU
	EndGlobalSection
	GlobalSection(ProjectConfigurationPlatforms) = postSolution
		{B6816281-2DFB-4754-8C6A-2F8834C4B152}.Debug|Any CPU.ActiveCfg = Debug|Any CPU
		{B6816281-2DFB-4754-8C6A-2F8834C4B152}.Debug|Any CPU.Build.0 = Debug|Any CPU
		{B6816281-2DFB-4754-8C6A-2F8834C4B152}.Release|Any CPU.ActiveCfg = Release|Any CPU
		{B6816281-2DFB-4754-8C6A-2F8834C4B152}.Release|Any CPU.Build.0 = Release|Any CPU
		{3AAA7D4A-FF9F-42A2-BB80-6FB7BA80471E}.Debug|Any CPU.ActiveCfg = Debug|Any CPU
		{3AAA7D4A-FF9F-42A2-BB80-6FB7BA80471E}.Debug|Any CPU.Build.0 = Debug|Any CPU
		{3AAA7D4A-FF9F-42A2-BB80-6FB7BA80471E}.Release|Any CPU.ActiveCfg = Release|Any CPU
		{3AAA7D4A-FF9F-42A2-BB80-6FB7BA80471E}.Release|Any CPU.Build.0 = Release|Any CPU
	EndGlobalSection
	GlobalSection(SolutionProperties) = preSolution
		HideSolutionNode = FALSE
	EndGlobalSection
	GlobalSection(ExtensibilityGlobals) = postSolution
		SolutionGuid = {5F836709-C22F-4A05-9FCE-546B5CAFBE46}
	EndGlobalSection
EndGlobal
